
Microsoft Visual Studio Solution File, Format Version 12.00
# Visual Studio Version 16
VisualStudioVersion = 16.0.31702.278
MinimumVisualStudioVersion = 10.0.40219.1
Project("{FAE04EC0-301F-11D3-BF4B-00C04F79EFBC}") = "TalkToTreatService", "TalkToTreatService.csproj", "{6BFA2837-E6F5-4579-A616-DEA93212CCC8}"
EndProject
Global
	GlobalSection(SolutionConfigurationPlatforms) = preSolution
		Debug|Any CPU = Debug|Any CPU
		Release|Any CPU = Release|Any CPU
	EndGlobalSection
	GlobalSection(ProjectConfigurationPlatforms) = postSolution
		{6BFA2837-E6F5-4579-A616-DEA93212CCC8}.Debug|Any CPU.ActiveCfg = Debug|Any CPU
		{6BFA2837-E6F5-4579-A616-DEA93212CCC8}.Debug|Any CPU.Build.0 = Debug|Any CPU
		{6BFA2837-E6F5-4579-A616-DEA93212CCC8}.Release|Any CPU.ActiveCfg = Release|Any CPU
		{6BFA2837-E6F5-4579-A616-DEA93212CCC8}.Release|Any CPU.Build.0 = Release|Any CPU
	EndGlobalSection
	GlobalSection(SolutionProperties) = preSolution
		HideSolutionNode = FALSE
	EndGlobalSection
	GlobalSection(ExtensibilityGlobals) = postSolution
		SolutionGuid = {021BF82F-2413-4561-8080-CA4931F037F5}
	EndGlobalSection
EndGlobal
